version = 1
revision = 3
requires-python = ">=3.12"

[[package]]
name = "ckdl"
version = "1.0"
source = { registry = "https://pypi.org/simple" }
sdist = { url = "https://files.pythonhosted.org/packages/4c/20/8de5ece1f086f96bd6fde5e05c49efb4f725ff6bf060ae24507d6d99ab7a/ckdl-1.0.tar.gz", hash = "sha256:e37546ea9cfe12ed0033c9a03833c0405409d9209802d728755f978dd025eacb", size = 93438, upload-time = "2024-12-21T19:43:22.91Z" }
wheels = [
    { url = "https://files.pythonhosted.org/packages/ce/9f/912ed9e35f9f5117996bfc83a6fb3ff022a81c79bccd85745ae239912a27/ckdl-1.0-cp312-cp312-macosx_10_13_x86_64.whl", hash = "sha256:6242d0b7f83c64de5e7979d522cebef29ff233d0b1ed3de606e822a3c373cf6c", size = 114577, upload-time = "2024-12-21T19:41:47.679Z" },
    { url = "https://files.pythonhosted.org/packages/35/ca/6a17a6a1c48f9cfdfe32cccf7132103ccd5c839ac18f865aeee2b14c2722/ckdl-1.0-cp312-cp312-macosx_11_0_arm64.whl", hash = "sha256:6727bed18e0acbdb40d4906bd1aa784de88686135eea908c33c86b40a6542728", size = 105860, upload-time = "2024-12-21T19:41:49.123Z" },
    { url = "https://files.pythonhosted.org/packages/52/40/591a4f69584503ba933421a780085d17c78c05a7e416611588b0000c08f7/ckdl-1.0-cp312-cp312-manylinux2014_aarch64.manylinux_2_17_aarch64.manylinux_2_28_aarch64.whl", hash = "sha256:5f8d4e40c321b17a5d7f8d62f511bc81daf22f3c0184c9e6fd5fa1906376d5ba", size = 101701, upload-time = "2025-11-07T20:15:46.457Z" },
    { url = "https://files.pythonhosted.org/packages/77/aa/5a42e68eebd72810312e700c7a0605ee7f1dc38ac04fd99a515e5e6ddbe9/ckdl-1.0-cp312-cp312-manylinux2014_x86_64.manylinux_2_17_x86_64.manylinux_2_28_x86_64.whl", hash = "sha256:f00c221e3f810e66831631824b95f0aa9a98c510f93a8d20a868d1b81019f3a1", size = 107502, upload-time = "2025-11-07T20:15:48.058Z" },
    { url = "https://files.pythonhosted.org/packages/a3/c4/82706d09e2360a5755866f78aeeb0abb01b65892d7fb84e8d62d26072510/ckdl-1.0-cp312-cp312-manylinux_2_17_x86_64.manylinux2014_x86_64.whl", hash = "sha256:22c9c2fd1f988cf5a18566e1cdb4681b46e88e449d043941a4d09e62616a56c2", size = 132331, upload-time = "2024-12-21T19:41:53.193Z" },
    { url = "https://files.pythonhosted.org/packages/15/ba/f7ea2de8a4970a3c500cdc02060365beaee7522d89c74ff49258832b1f8b/ckdl-1.0-cp312-cp312-manylinux_2_5_i686.manylinux1_i686.manylinux_2_17_i686.manylinux2014_i686.whl", hash = "sha256:c8bdac99986b8a9ca26237ccddd8bbd2fd5c4f3f70caf63d5b71f5bec3fa6ba1", size = 141460, upload-time = "2024-12-21T19:41:55.667Z" },
    { url = "https://files.pythonhosted.org/packages/e6/b3/b5c87c1571168307e10a50d301ed07a03f64361727bc1a6aae59acc0987e/ckdl-1.0-cp312-cp312-musllinux_1_2_aarch64.whl", hash = "sha256:3d80cbc41d34fcf88e5b833b5104efde87b1b4134612b5c4404bd07b2275a3af", size = 103192, upload-time = "2025-11-07T20:15:49.483Z" },
    { url = "https://files.pythonhosted.org/packages/5b/59/12cbd5cb44e50e994da2d00949e907646d94d2cb918041a5fdfe76e6dc8b/ckdl-1.0-cp312-cp312-musllinux_1_2_i686.whl", hash = "sha256:5f395c6c9f7d023024c1c06f567009f1f6456121ade277a3fb812530c5cd83e7", size = 141544, upload-time = "2024-12-21T19:41:58.211Z" },
    { url = "https://files.pythonhosted.org/packages/a0/b0/e993528ece17f2c35d4c6b1de0323860655dcdd7bf4c9ee2497f368cb42e/ckdl-1.0-cp312-cp312-musllinux_1_2_x86_64.whl", hash = "sha256:9c0820a7a0b93297700b1e6bfb966c00774e3510db57adaac99c1a5e2907156c", size = 133745, upload-time = "2024-12-21T19:41:59.537Z" },
    { url = "https://files.pythonhosted.org/packages/f8/ed/2298e46711907d540a4390745b3930f7d6b70e8a890a6234e168acce171c/ckdl-1.0-cp312-cp312-win32.whl", hash = "sha256:f29d5983b4d3d5e7fa4620ecc02ded52a58810021b0907d772b549432eab1725", size = 89365, upload-time = "2024-12-21T19:42:00.811Z" },
    { url = "https://files.pythonhosted.org/packages/21/fd/2bf63fa6bd27e478c39a07c6e4e229d77114e5dadcf739e660526ac4a67b/ckdl-1.0-cp312-cp312-win_amd64.whl", hash = "sha256:bcf373877f51ad89beb0ce17abd916b89f08a5e80900ebbdf50fc17501c69b2e", size = 104291, upload-time = "2024-12-21T19:42:02.155Z" },
    { url = "https://files.pythonhosted.org/packages/8c/1b/d3b17c32b41aff09842baee3f6e1e3a13375b4889585843a51436b88d5d0/ckdl-1.0-cp312-cp312-win_arm64.whl", hash = "sha256:31f0eb91a59ee7612a30c9f5805b9b6481c76d93ea79d2ce79c9a0b2e0f56988", size = 75535, upload-time = "2025-11-07T20:15:50.893Z" },
    { url = "https://files.pythonhosted.org/packages/2e/84/1126be26aa8b6ae73eb3e89972c18eb339500d1b7a8ad8a8fbcf8ce80247/ckdl-1.0-cp313-cp313-macosx_10_13_x86_64.whl", hash = "sha256:dbf171e80cb3ba4c78c43b41913054c36a50645b48278426df7123244f8129a8", size = 112621, upload-time = "2024-12-21T19:42:04.246Z" },
    { url = "https://files.pythonhosted.org/packages/eb/bc/436070148e6f40befb7fdc1901349e4942b92177dc9860e49e7ed360aefb/ckdl-1.0-cp313-cp313-macosx_11_0_arm64.whl", hash = "sha256:7546cee3f6ab1edd0c28a7160a7b07f72943e3e781daa0f96214d4a948c5c5aa", size = 104718, upload-time = "2024-12-21T19:42:06.807Z" },
    { url = "https://files.pythonhosted.org/packages/44/94/8a82d149eab7d84523996680bbdec67aa99b979264beae610a27031eff0e/ckdl-1.0-cp313-cp313-manylinux2014_aarch64.manylinux_2_17_aarch64.manylinux_2_28_aarch64.whl", hash = "sha256:3d7a260ba0ec4997283eeb24c105943bc5d6d8356dfaa16e8afa92b863cf843b", size = 101524, upload-time = "2025-11-07T20:15:51.976Z" },
    { url = "https://files.pythonhosted.org/packages/08/46/41c2785511257f8df84a07c00182a1d10ba7868b5333dbff302d14b83eb5/ckdl-1.0-cp313-cp313-manylinux2014_x86_64.manylinux_2_17_x86_64.manylinux_2_28_x86_64.whl", hash = "sha256:f0db90c16da04ab5a1b2ae9101903ddd3e16d94e8ba7eb360224bb12013c2622", size = 107351, upload-time = "2025-11-07T20:15:53.108Z" },
    { url = "https://files.pythonhosted.org/packages/43/52/73d6dd877d3591dad1d0f78d29ebd7de41bb5f5258599093a55b079de377/ckdl-1.0-cp313-cp313-manylinux_2_17_x86_64.manylinux2014_x86_64.whl", hash = "sha256:6d1680b2d0a20704a52b02e02146c4f9e0b250747e6260f8b95e1f612c11f333", size = 133387, upload-time = "2024-12-21T19:42:09.343Z" },
    { url = "https://files.pythonhosted.org/packages/6a/bb/bd0ec0b14f7ea44bbaf58511f52681826ad9885558d4624f577bc8f724f9/ckdl-1.0-cp313-cp313-manylinux_2_5_i686.manylinux1_i686.manylinux_2_17_i686.manylinux2014_i686.whl", hash = "sha256:5b84102837be3cd78b9301bde2780ee8e400db323666d9d13a24d6fa34884340", size = 140320, upload-time = "2024-12-21T19:42:11.796Z" },
    { url = "https://files.pythonhosted.org/packages/71/64/a78f3c927f0e7b3b54af3830fba46aebe97ea976af7cb0e90dc53e95cc05/ckdl-1.0-cp313-cp313-musllinux_1_2_aarch64.whl", hash = "sha256:8faa16ba4871a0a5cc8139c8373a018487936f6277569147ef81d29a4f859d16", size = 103347, upload-time = "2025-11-07T20:15:54.231Z" },
    { url = "https://files.pythonhosted.org/packages/6a/5d/7d3e9cfa2739904a60ba13a3eec75a1e3dc846163835ddbc4f8e4999cb33/ckdl-1.0-cp313-cp313-musllinux_1_2_i686.whl", hash = "sha256:738598cba5c13f30fd1f892c4652e5180aa09b4895a8bc33bc76cc2a3663e642", size = 141465, upload-time = "2024-12-21T19:42:13.269Z" },
    { url = "https://files.pythonhosted.org/packages/85/7f/566f6c421e0729c1e32473960aa1dda718270cab5207974bf03bb95b038a/ckdl-1.0-cp313-cp313-musllinux_1_2_x86_64.whl", hash = "sha256:da67f139b70439f0012aa66d2cc225cd226656957a068f77db602b5b628cb55f", size = 133591, upload-time = "2024-12-21T19:42:14.577Z" },
    { url = "https://files.pythonhosted.org/packages/c3/37/b0da0b7e8bddcb4099f8b0ac7314210c77b584729001fd1e68033a0405fa/ckdl-1.0-cp313-cp313-win32.whl", hash = "sha256:21b0c8ddffafb11cdc48fd99cc20e632ab3dadb1842db55821328b8fd757d49e", size = 89435, upload-time = "2024-12-21T19:42:16.976Z" },
    { url = "https://files.pythonhosted.org/packages/26/b6/bfaae4f465b942d6f978a4ed555118d160cc493c805f2bc2cf63a463df29/ckdl-1.0-cp313-cp313-win_amd64.whl", hash = "sha256:fe64d62943a26260b4892a5803403e374bb926561feee34cbe3f112f1a64f78d", size = 104300, upload-time = "2024-12-21T19:42:19.518Z" },
    { url = "https://files.pythonhosted.org/packages/3f/4b/d765e52603be7b2a2e72bc10e5a1f869a68371e58e9f81e70f89aa51583b/ckdl-1.0-cp313-cp313-win_arm64.whl", hash = "sha256:c55a370c7159a01d124f21d87da88ac0db580e11423f16104802eb0e4e028a2b", size = 75114, upload-time = "2025-11-07T20:15:55.456Z" },
    { url = "https://files.pythonhosted.org/packages/2a/e0/70f51b2e8ef33512a2e96b17a2d1bb0e48ee9ebcc33aab308c2da816d1d5/ckdl-1.0-cp314-cp314-macosx_10_15_x86_64.whl", hash = "sha256:c682594b27f585a2f453244db0f60d74385444a86d600f8e77222da6ca7ca622", size = 93958, upload-time = "2025-11-07T20:15:56.822Z" },
    { url = "https://files.pythonhosted.org/packages/ae/40/01d56949873271bbaeec96e5e06fcce7f19e42728ba2aa0daccd2c950e89/ckdl-1.0-cp314-cp314-macosx_11_0_arm64.whl", hash = "sha256:b9951429285b9d0a55876f22031bb92d197a4f21f0cc639e29848a13f47965d4", size = 84748, upload-time = "2025-11-07T20:15:57.947Z" },
    { url = "https://files.pythonhosted.org/packages/37/87/c0a2a5712435bc020c7c111ae8c41da80762cc6057847a39d8aff449104c/ckdl-1.0-cp314-cp314-manylinux2014_aarch64.manylinux_2_17_aarch64.manylinux_2_28_aarch64.whl", hash = "sha256:29d13057e7f9c9079e7a02797310dde57c4112aeb0327033cd63c71c5990f0bf", size = 103106, upload-time = "2025-11-07T20:15:59.022Z" },
    { url = "https://files.pythonhosted.org/packages/60/da/4b4e9dec43eb87463bcd2e334091c802a3f07ac759bb9aa089695c608a87/ckdl-1.0-cp314-cp314-manylinux2014_x86_64.manylinux_2_17_x86_64.manylinux_2_28_x86_64.whl", hash = "sha256:6f1f2bfe641e7a7c5d53124430d410c79e2f57775fc2cf3bf5ea07fe621a5570", size = 108337, upload-time = "2025-11-07T20:16:00.157Z" },
    { url = "https://files.pythonhosted.org/packages/14/55/c0eec3230db8038c176301d22d3385f0ee4742a34f90330b92865dcd7e65/ckdl-1.0-cp314-cp314-musllinux_1_2_aarch64.whl", hash = "sha256:5e46eb7c5a39ee396000514584cc2a241dcff0f99a366082697c72e06c757b88", size = 105019, upload-time = "2025-11-07T20:16:01.291Z" },
    { url = "https://files.pythonhosted.org/packages/2f/81/7f42907f46638efb51a468492112ffdaa5de8d0047e90721f5ae2d24c719/ckdl-1.0-cp314-cp314-musllinux_1_2_x86_64.whl", hash = "sha256:ab3ec80c15253d8f947c282d9ee3771e160c2ccc88ab4a57acd0d88337b5c701", size = 109417, upload-time = "2025-11-07T20:16:04.223Z" },
    { url = "https://files.pythonhosted.org/packages/31/b3/b2dca1583e7a415310003b554c014a357e3e65179610483aadd0a9514079/ckdl-1.0-cp314-cp314-win32.whl", hash = "sha256:ef7c9758c2762ab79f338712e11a28397765711f5b7535133c4670b99161c4eb", size = 74053, upload-time = "2025-11-07T20:16:05.218Z" },
    { url = "https://files.pythonhosted.org/packages/fa/7e/01603230ebcdeed57ae316b4a6d7ea3067ab16b3b0f7a905cc7829272458/ckdl-1.0-cp314-cp314-win_amd64.whl", hash = "sha256:ceb54df2d1dd26d7120989188b9ea81d194daf1e4ec9fbbb0727764d488663fd", size = 87423, upload-time = "2025-11-07T20:16:06.681Z" },
    { url = "https://files.pythonhosted.org/packages/28/04/bffaeb72bea273d91dd0c167b679486f2893a50f289c28a9b15ce3a0b58c/ckdl-1.0-cp314-cp314-win_arm64.whl", hash = "sha256:8f50917d36d1c5a4554aa4b66bd3f1a76c557a231290a38fc247dddb68ecb376", size = 78389, upload-time = "2025-11-07T20:16:07.719Z" },
]

[[package]]
name = "colorama"
version = "0.4.6"
source = { registry = "https://pypi.org/simple" }
sdist = { url = "https://files.pythonhosted.org/packages/d8/53/6f443c9a4a8358a93a6792e2acffb9d9d5cb0a5cfd8802644b7b1c9a02e4/colorama-0.4.6.tar.gz", hash = "sha256:08695f5cb7ed6e0531a20572697297273c47b8cae5a63ffc6d6ed5c201be6e44", size = 27697, upload-time = "2022-10-25T02:36:22.414Z" }
wheels = [
    { url = "https://files.pythonhosted.org/packages/d1/d6/3965ed04c63042e047cb6a3e6ed1a63a35087b6a609aa3a15ed8ac56c221/colorama-0.4.6-py2.py3-none-any.whl", hash = "sha256:4f1d9991f5acc0ca119f9d443620b77f9d6b33703e51011c16baf57afb285fc6", size = 25335, upload-time = "2022-10-25T02:36:20.889Z" },
]

[[package]]
name = "eink-planner"
version = "0.1.0"
source = { editable = "." }
dependencies = [
    { name = "ckdl" },
]

[package.optional-dependencies]
dev = [
    { name = "pytest" },
]

[package.dev-dependencies]
dev = [
    { name = "pytest" },
]

[package.metadata]
requires-dist = [
    { name = "ckdl", specifier = ">=1.0" },
    { name = "pytest", marker = "extra == 'dev'", specifier = ">=8.0" },
]
provides-extras = ["dev"]

[package.metadata.requires-dev]
dev = [{ name = "pytest", specifier = ">=8.0" }]

[[package]]
name = "iniconfig"
version = "2.3.0"
source = { registry = "https://pypi.org/simple" }
sdist = { url = "https://files.pythonhosted.org/packages/72/34/14ca021ce8e5dfedc35312d08ba8bf51fdd999c576889fc2c24cb97f4f10/iniconfig-2.3.0.tar.gz", hash = "sha256:c76315c77db068650d49c5b56314774a7804df16fee4402c1f19d6d15d8c4730", size = 20503, upload-time = "2025-10-18T21:55:43.219Z" }
wheels = [
    { url = "https://files.pythonhosted.org/packages/cb/b1/3846dd7f199d53cb17f49cba7e651e9ce294d8497c8c150530ed11865bb8/iniconfig-2.3.0-py3-none-any.whl", hash = "sha256:f631c04d2c48c52b84d0d0549c99ff3859c98df65b3101406327ecc7d53fbf12", size = 7484, upload-time = "2025-10-18T21:55:41.639Z" },
]

[[package]]
name = "packaging"
version = "26.3"
source = { registry = "https://pypi.org/simple" }
sdist = { url = "https://files.pythonhosted.org/packages/7d/fa/3944b40b07da9ce895c0e6303a5ab7d53da063554f534556b134a54d6093/packaging-26.3.tar.gz", hash = "sha256:94edc256424af38762eb31306eed28beb9f0efc50a8837492c9d6fd6004aed79", size = 313412, upload-time = "2026-08-04T18:15:28.737Z" }
wheels = [
    { url = "https://files.pythonhosted.org/packages/63/34/ba1c580383c9eada3711951fef0795c80b829a078d72188184bcab9dd527/packaging-26.3-py3-none-any.whl", hash = "sha256:d7193f7c8e4e93f444fde0262bf90af30e16fa0ad0ad44cb553c87339b23cd1c", size = 129956, upload-time = "2026-08-04T18:15:27.159Z" },
]

[[package]]
name = "pluggy"
version = "1.6.0"
source = { registry = "https://pypi.org/simple" }
sdist = { url = "https://files.pythonhosted.org/packages/f9/e2/3e91f31a7d2b083fe6ef3fa267035b518369d9511ffab804f839851d2779/pluggy-1.6.0.tar.gz", hash = "sha256:7dcc130b76258d33b90f61b658791dede3486c3e6bfb003ee5c9bfb396dd22f3", size = 69412, upload-time = "2025-05-15T12:30:07.975Z" }
wheels = [
    { url = "https://files.pythonhosted.org/packages/54/20/4d324d65cc6d9205fabedc306948156824eb9f0ee1633355a8f7ec5c66bf/pluggy-1.6.0-py3-none-any.whl", hash = "sha256:e920276dd6813095e9377c0bc5566d94c932c33b27a3e3945d8389c374dd4746", size = 20538, upload-time = "2025-05-15T12:30:06.134Z" },
]

[[package]]
name = "pygments"
version = "2.20.0"
source = { registry = "https://pypi.org/simple" }
sdist = { url = "https://files.pythonhosted.org/packages/c3/b2/bc9c9196916376152d655522fdcebac55e66de6603a76a02bca1b6414f6c/pygments-2.20.0.tar.gz", hash = "sha256:6757cd03768053ff99f3039c1a36d6c0aa0b263438fcab17520b30a303a82b5f", size = 4955991, upload-time = "2026-03-29T13:29:33.898Z" }
wheels = [
    { url = "https://files.pythonhosted.org/packages/f4/7e/a72dd26f3b0f4f2bf1dd8923c85f7ceb43172af56d63c7383eb62b332364/pygments-2.20.0-py3-none-any.whl", hash = "sha256:81a9e26dd42fd28a23a2d169d86d7ac03b46e2f8b59ed4698fb4785f946d0176", size = 1231151, upload-time = "2026-03-29T13:29:30.038Z" },
]

[[package]]
name = "pytest"
version = "9.1.1"
source = { registry = "https://pypi.org/simple" }
dependencies = [
    { name = "colorama", marker = "sys_platform == 'win32'" },
    { name = "iniconfig" },
    { name = "packaging" },
    { name = "pluggy" },
    { name = "pygments" },
]
sdist = { url = "https://files.pythonhosted.org/packages/e4/47/b9efed96c114afcfa3c9d3fe98a76a1d14c74a9e266d397cf6eb64be5e01/pytest-9.1.1.tar.gz", hash = "sha256:1088fbde8f2b49d95a549a195707afa7a76a3ce9bcadc26b6d71f0ffda5fe313", size = 1636369, upload-time = "2026-06-19T10:58:32.857Z" }
wheels = [
    { url = "https://files.pythonhosted.org/packages/24/25/1de2678b631f5a49215c6c96fff41ba892b0a34df68d6d80292b1b48aa7f/pytest-9.1.1-py3-none-any.whl", hash = "sha256:37a86b45efb9a47a61a36449063e8e18d0cab3161329fc099eb21783169c4f0c", size = 386536, upload-time = "2026-06-19T10:58:31.347Z" },
]
